
Microsoft Visual Studio Solution File, Format Version 12.00
# Visual Studio Version 16
VisualStudioVersion = 16.0.30128.36
MinimumVisualStudioVersion = 10.0.40219.1
Project("{9A19103F-16F7-4668-BE54-9A1E7A4F7556}") = "Chat", "Chat\Chat.csproj", "{ADAFF2F6-A033-4798-B2A6-E0598969C996}"
EndProject
Project("{FAE04EC0-301F-11D3-BF4B-00C04F79EFBC}") = "BOT", "BOT\BOT.csproj", "{19803F8D-34B7-4746-B53F-F984547E1E4A}"
EndProject
Global
	GlobalSection(SolutionConfigurationPlatforms) = preSolution
		Debug|Any CPU = Debug|Any CPU
		Release|Any CPU = Release|Any CPU
	EndGlobalSection
	GlobalSection(ProjectConfigurationPlatforms) = postSolution
		{ADAFF2F6-A033-4798-B2A6-E0598969C996}.Debug|Any CPU.ActiveCfg = Debug|Any CPU
		{ADAFF2F6-A033-4798-B2A6-E0598969C996}.Debug|Any CPU.Build.0 = Debug|Any CPU
		{ADAFF2F6-A033-4798-B2A6-E0598969C996}.Release|Any CPU.ActiveCfg = Release|Any CPU
		{ADAFF2F6-A033-4798-B2A6-E0598969C996}.Release|Any CPU.Build.0 = Release|Any CPU
		{19803F8D-34B7-4746-B53F-F984547E1E4A}.Debug|Any CPU.ActiveCfg = Debug|Any CPU
		{19803F8D-34B7-4746-B53F-F984547E1E4A}.Debug|Any CPU.Build.0 = Debug|Any CPU
		{19803F8D-34B7-4746-B53F-F984547E1E4A}.Release|Any CPU.ActiveCfg = Release|Any CPU
		{19803F8D-34B7-4746-B53F-F984547E1E4A}.Release|Any CPU.Build.0 = Release|Any CPU
	EndGlobalSection
	GlobalSection(SolutionProperties) = preSolution
		HideSolutionNode = FALSE
	EndGlobalSection
	GlobalSection(ExtensibilityGlobals) = postSolution
		SolutionGuid = {E1E09279-CB5B-4FBF-A98A-D32C779CA70B}
	EndGlobalSection
EndGlobal
